
Microsoft Visual Studio Solution File, Format Version 12.00
# Visual Studio Version 17
VisualStudioVersion = 17.11.35222.181
MinimumVisualStudioVersion = 10.0.40219.1
Project("{FAE04EC0-301F-11D3-BF4B-00C04F79EFBC}") = "LearningAPI", "LearningAPI\LearningAPI.csproj", "{B7FE0F64-7565-404C-AF3D-0D53A5E1548A}"
EndProject
Global
	GlobalSection(SolutionConfigurationPlatforms) = preSolution
		Debug|Any CPU = Debug|Any CPU
		Release|Any CPU = Release|Any CPU
	EndGlobalSection
	GlobalSection(ProjectConfigurationPlatforms) = postSolution
		{B7FE0F64-7565-404C-AF3D-0D53A5E1548A}.Debug|Any CPU.ActiveCfg = Debug|Any CPU
		{B7FE0F64-7565-404C-AF3D-0D53A5E1548A}.Debug|Any CPU.Build.0 = Debug|Any CPU
		{B7FE0F64-7565-404C-AF3D-0D53A5E1548A}.Release|Any CPU.ActiveCfg = Release|Any CPU
		{B7FE0F64-7565-404C-AF3D-0D53A5E1548A}.Release|Any CPU.Build.0 = Release|Any CPU
	EndGlobalSection
	GlobalSection(SolutionProperties) = preSolution
		HideSolutionNode = FALSE
	EndGlobalSection
	GlobalSection(ExtensibilityGlobals) = postSolution
		SolutionGuid = {66F17B18-072A-4E8D-9441-43CDF49CD64B}
	EndGlobalSection
EndGlobal
